
Microsoft Visual Studio Solution File, Format Version 12.00
# Visual Studio Version 16
VisualStudioVersion = 16.0.30128.74
MinimumVisualStudioVersion = 10.0.40219.1
Project("{FAE04EC0-301F-11D3-BF4B-00C04F79EFBC}") = "Uniti Full Stack Development Coding Challenge", "Uniti Full Stack Development Coding Challenge.csproj", "{AA6C1CC9-777F-4C04-ADA4-A278F70ACA9C}"
EndProject
Global
	GlobalSection(SolutionConfigurationPlatforms) = preSolution
		Debug|Any CPU = Debug|Any CPU
		Release|Any CPU = Release|Any CPU
	EndGlobalSection
	GlobalSection(ProjectConfigurationPlatforms) = postSolution
		{AA6C1CC9-777F-4C04-ADA4-A278F70ACA9C}.Debug|Any CPU.ActiveCfg = Debug|Any CPU
		{AA6C1CC9-777F-4C04-ADA4-A278F70ACA9C}.Debug|Any CPU.Build.0 = Debug|Any CPU
		{AA6C1CC9-777F-4C04-ADA4-A278F70ACA9C}.Release|Any CPU.ActiveCfg = Release|Any CPU
		{AA6C1CC9-777F-4C04-ADA4-A278F70ACA9C}.Release|Any CPU.Build.0 = Release|Any CPU
	EndGlobalSection
	GlobalSection(SolutionProperties) = preSolution
		HideSolutionNode = FALSE
	EndGlobalSection
	GlobalSection(ExtensibilityGlobals) = postSolution
		SolutionGuid = {31263868-4C0D-4687-A0D7-C10D91237C64}
	EndGlobalSection
EndGlobal
